
Microsoft Visual Studio Solution File, Format Version 12.00
# Visual Studio Version 16
VisualStudioVersion = 16.0.31702.278
MinimumVisualStudioVersion = 10.0.40219.1
Project("{FAE04EC0-301F-11D3-BF4B-00C04F79EFBC}") = "Kursach_V3", "Kursach_V3.csproj", "{34704684-5C2E-4D7F-A9ED-C5D6BA4BE9D8}"
EndProject
Global
	GlobalSection(SolutionConfigurationPlatforms) = preSolution
		Debug|Any CPU = Debug|Any CPU
		Release|Any CPU = Release|Any CPU
	EndGlobalSection
	GlobalSection(ProjectConfigurationPlatforms) = postSolution
		{34704684-5C2E-4D7F-A9ED-C5D6BA4BE9D8}.Debug|Any CPU.ActiveCfg = Debug|Any CPU
		{34704684-5C2E-4D7F-A9ED-C5D6BA4BE9D8}.Debug|Any CPU.Build.0 = Debug|Any CPU
		{34704684-5C2E-4D7F-A9ED-C5D6BA4BE9D8}.Release|Any CPU.ActiveCfg = Release|Any CPU
		{34704684-5C2E-4D7F-A9ED-C5D6BA4BE9D8}.Release|Any CPU.Build.0 = Release|Any CPU
	EndGlobalSection
	GlobalSection(SolutionProperties) = preSolution
		HideSolutionNode = FALSE
	EndGlobalSection
	GlobalSection(ExtensibilityGlobals) = postSolution
		SolutionGuid = {3E297CA9-DBD4-4760-97A8-DF60180CD491}
	EndGlobalSection
EndGlobal
